
Microsoft Visual Studio Solution File, Format Version 12.00
# Visual Studio Version 16
VisualStudioVersion = 16.0.30011.22
MinimumVisualStudioVersion = 10.0.40219.1
Project("{FAE04EC0-301F-11D3-BF4B-00C04F79EFBC}") = "GVPS_SanalPOS", "GVPS_SanalPOS\GVPS_SanalPOS.csproj", "{AD5DB93B-6D11-494E-801B-5FD89A10C0BD}"
EndProject
Global
	GlobalSection(SolutionConfigurationPlatforms) = preSolution
		Debug|Any CPU = Debug|Any CPU
		Release|Any CPU = Release|Any CPU
	EndGlobalSection
	GlobalSection(ProjectConfigurationPlatforms) = postSolution
		{AD5DB93B-6D11-494E-801B-5FD89A10C0BD}.Debug|Any CPU.ActiveCfg = Debug|Any CPU
		{AD5DB93B-6D11-494E-801B-5FD89A10C0BD}.Debug|Any CPU.Build.0 = Debug|Any CPU
		{AD5DB93B-6D11-494E-801B-5FD89A10C0BD}.Release|Any CPU.ActiveCfg = Release|Any CPU
		{AD5DB93B-6D11-494E-801B-5FD89A10C0BD}.Release|Any CPU.Build.0 = Release|Any CPU
	EndGlobalSection
	GlobalSection(SolutionProperties) = preSolution
		HideSolutionNode = FALSE
	EndGlobalSection
	GlobalSection(ExtensibilityGlobals) = postSolution
		SolutionGuid = {B8A62C9C-F166-4401-8606-AEF76055A87B}
	EndGlobalSection
EndGlobal
